
Microsoft Visual Studio Solution File, Format Version 12.00
# Visual Studio Version 17
VisualStudioVersion = 17.3.32922.545
MinimumVisualStudioVersion = 10.0.40219.1
Project("{FAE04EC0-301F-11D3-BF4B-00C04F79EFBC}") = "rozdział 6", "rozdział 6\rozdział 6.csproj", "{AAAB11D0-0BF9-4F04-A5FC-D554CC62FD3C}"
EndProject
Global
	GlobalSection(SolutionConfigurationPlatforms) = preSolution
		Debug|Any CPU = Debug|Any CPU
		Release|Any CPU = Release|Any CPU
	EndGlobalSection
	GlobalSection(ProjectConfigurationPlatforms) = postSolution
		{AAAB11D0-0BF9-4F04-A5FC-D554CC62FD3C}.Debug|Any CPU.ActiveCfg = Debug|Any CPU
		{AAAB11D0-0BF9-4F04-A5FC-D554CC62FD3C}.Debug|Any CPU.Build.0 = Debug|Any CPU
		{AAAB11D0-0BF9-4F04-A5FC-D554CC62FD3C}.Release|Any CPU.ActiveCfg = Release|Any CPU
		{AAAB11D0-0BF9-4F04-A5FC-D554CC62FD3C}.Release|Any CPU.Build.0 = Release|Any CPU
	EndGlobalSection
	GlobalSection(SolutionProperties) = preSolution
		HideSolutionNode = FALSE
	EndGlobalSection
	GlobalSection(ExtensibilityGlobals) = postSolution
		SolutionGuid = {86A7EDB4-7FBB-4E1A-A940-D297E6B98628}
	EndGlobalSection
EndGlobal
