
Microsoft Visual Studio Solution File, Format Version 12.00
# Visual Studio Version 17
VisualStudioVersion = 17.3.32922.545
MinimumVisualStudioVersion = 10.0.40219.1
Project("{FAE04EC0-301F-11D3-BF4B-00C04F79EFBC}") = "ProstaPrzegladarkaWWW", "ProstaPrzegladarkaWWW\ProstaPrzegladarkaWWW.csproj", "{83E149DA-B980-4F89-8FE4-6C8A001A89A7}"
EndProject
Global
	GlobalSection(SolutionConfigurationPlatforms) = preSolution
		Debug|Any CPU = Debug|Any CPU
		Release|Any CPU = Release|Any CPU
	EndGlobalSection
	GlobalSection(ProjectConfigurationPlatforms) = postSolution
		{83E149DA-B980-4F89-8FE4-6C8A001A89A7}.Debug|Any CPU.ActiveCfg = Debug|Any CPU
		{83E149DA-B980-4F89-8FE4-6C8A001A89A7}.Debug|Any CPU.Build.0 = Debug|Any CPU
		{83E149DA-B980-4F89-8FE4-6C8A001A89A7}.Release|Any CPU.ActiveCfg = Release|Any CPU
		{83E149DA-B980-4F89-8FE4-6C8A001A89A7}.Release|Any CPU.Build.0 = Release|Any CPU
	EndGlobalSection
	GlobalSection(SolutionProperties) = preSolution
		HideSolutionNode = FALSE
	EndGlobalSection
	GlobalSection(ExtensibilityGlobals) = postSolution
		SolutionGuid = {79C75DFB-85C5-464C-9A94-AE15D7520474}
	EndGlobalSection
EndGlobal
