
Microsoft Visual Studio Solution File, Format Version 12.00
# Visual Studio Version 17
VisualStudioVersion = 17.3.32922.545
MinimumVisualStudioVersion = 10.0.40219.1
Project("{FAE04EC0-301F-11D3-BF4B-00C04F79EFBC}") = "WpfApp2 podwyzka", "WpfApp2 podwyzka\WpfApp2 podwyzka.csproj", "{9C3DA02B-409F-4476-8A90-334EC8CC0805}"
EndProject
Global
	GlobalSection(SolutionConfigurationPlatforms) = preSolution
		Debug|Any CPU = Debug|Any CPU
		Release|Any CPU = Release|Any CPU
	EndGlobalSection
	GlobalSection(ProjectConfigurationPlatforms) = postSolution
		{9C3DA02B-409F-4476-8A90-334EC8CC0805}.Debug|Any CPU.ActiveCfg = Debug|Any CPU
		{9C3DA02B-409F-4476-8A90-334EC8CC0805}.Debug|Any CPU.Build.0 = Debug|Any CPU
		{9C3DA02B-409F-4476-8A90-334EC8CC0805}.Release|Any CPU.ActiveCfg = Release|Any CPU
		{9C3DA02B-409F-4476-8A90-334EC8CC0805}.Release|Any CPU.Build.0 = Release|Any CPU
	EndGlobalSection
	GlobalSection(SolutionProperties) = preSolution
		HideSolutionNode = FALSE
	EndGlobalSection
	GlobalSection(ExtensibilityGlobals) = postSolution
		SolutionGuid = {A5FA39DF-E15D-49CE-889E-2D256753F0D9}
	EndGlobalSection
EndGlobal
